
Microsoft Visual Studio Solution File, Format Version 12.00
# Visual Studio Version 16
VisualStudioVersion = 16.0.31205.134
MinimumVisualStudioVersion = 10.0.40219.1
Project("{FAE04EC0-301F-11D3-BF4B-00C04F79EFBC}") = "OrderForms", "OrderForms\OrderForms.csproj", "{84568CA6-CC31-4201-8E7C-F0D4C774A6B1}"
EndProject
Global
	GlobalSection(SolutionConfigurationPlatforms) = preSolution
		Debug|Any CPU = Debug|Any CPU
		Release|Any CPU = Release|Any CPU
	EndGlobalSection
	GlobalSection(ProjectConfigurationPlatforms) = postSolution
		{84568CA6-CC31-4201-8E7C-F0D4C774A6B1}.Debug|Any CPU.ActiveCfg = Debug|Any CPU
		{84568CA6-CC31-4201-8E7C-F0D4C774A6B1}.Debug|Any CPU.Build.0 = Debug|Any CPU
		{84568CA6-CC31-4201-8E7C-F0D4C774A6B1}.Release|Any CPU.ActiveCfg = Release|Any CPU
		{84568CA6-CC31-4201-8E7C-F0D4C774A6B1}.Release|Any CPU.Build.0 = Release|Any CPU
	EndGlobalSection
	GlobalSection(SolutionProperties) = preSolution
		HideSolutionNode = FALSE
	EndGlobalSection
	GlobalSection(ExtensibilityGlobals) = postSolution
		SolutionGuid = {A45F1E97-1323-494C-9D91-C8DCF06F2659}
	EndGlobalSection
EndGlobal
