
Microsoft Visual Studio Solution File, Format Version 12.00
# Visual Studio Version 16
VisualStudioVersion = 16.0.31019.35
MinimumVisualStudioVersion = 10.0.40219.1
Project("{FAE04EC0-301F-11D3-BF4B-00C04F79EFBC}") = "questionOne", "questionOne\questionOne.csproj", "{EE0C03FA-4C77-437D-BB61-AD9FB1F67210}"
EndProject
Project("{FAE04EC0-301F-11D3-BF4B-00C04F79EFBC}") = "questionTwo", "questionTwo\questionTwo.csproj", "{DFFF4E1B-0664-4FFE-87B5-4655BFE74C4C}"
EndProject
Global
	GlobalSection(SolutionConfigurationPlatforms) = preSolution
		Debug|Any CPU = Debug|Any CPU
		Release|Any CPU = Release|Any CPU
	EndGlobalSection
	GlobalSection(ProjectConfigurationPlatforms) = postSolution
		{EE0C03FA-4C77-437D-BB61-AD9FB1F67210}.Debug|Any CPU.ActiveCfg = Debug|Any CPU
		{EE0C03FA-4C77-437D-BB61-AD9FB1F67210}.Debug|Any CPU.Build.0 = Debug|Any CPU
		{EE0C03FA-4C77-437D-BB61-AD9FB1F67210}.Release|Any CPU.ActiveCfg = Release|Any CPU
		{EE0C03FA-4C77-437D-BB61-AD9FB1F67210}.Release|Any CPU.Build.0 = Release|Any CPU
		{DFFF4E1B-0664-4FFE-87B5-4655BFE74C4C}.Debug|Any CPU.ActiveCfg = Debug|Any CPU
		{DFFF4E1B-0664-4FFE-87B5-4655BFE74C4C}.Debug|Any CPU.Build.0 = Debug|Any CPU
		{DFFF4E1B-0664-4FFE-87B5-4655BFE74C4C}.Release|Any CPU.ActiveCfg = Release|Any CPU
		{DFFF4E1B-0664-4FFE-87B5-4655BFE74C4C}.Release|Any CPU.Build.0 = Release|Any CPU
	EndGlobalSection
	GlobalSection(SolutionProperties) = preSolution
		HideSolutionNode = FALSE
	EndGlobalSection
	GlobalSection(ExtensibilityGlobals) = postSolution
		SolutionGuid = {73139491-BAEB-4CDC-96DA-E2363F04144D}
	EndGlobalSection
EndGlobal
