
Microsoft Visual Studio Solution File, Format Version 12.00
# Visual Studio Version 16
VisualStudioVersion = 16.0.31205.134
MinimumVisualStudioVersion = 10.0.40219.1
Project("{FAE04EC0-301F-11D3-BF4B-00C04F79EFBC}") = "homework11", "homework11\homework11.csproj", "{532BB4E1-FDFF-4301-8BA5-38763E6AE26A}"
EndProject
Global
	GlobalSection(SolutionConfigurationPlatforms) = preSolution
		Debug|Any CPU = Debug|Any CPU
		Release|Any CPU = Release|Any CPU
	EndGlobalSection
	GlobalSection(ProjectConfigurationPlatforms) = postSolution
		{532BB4E1-FDFF-4301-8BA5-38763E6AE26A}.Debug|Any CPU.ActiveCfg = Debug|Any CPU
		{532BB4E1-FDFF-4301-8BA5-38763E6AE26A}.Debug|Any CPU.Build.0 = Debug|Any CPU
		{532BB4E1-FDFF-4301-8BA5-38763E6AE26A}.Release|Any CPU.ActiveCfg = Release|Any CPU
		{532BB4E1-FDFF-4301-8BA5-38763E6AE26A}.Release|Any CPU.Build.0 = Release|Any CPU
	EndGlobalSection
	GlobalSection(SolutionProperties) = preSolution
		HideSolutionNode = FALSE
	EndGlobalSection
	GlobalSection(ExtensibilityGlobals) = postSolution
		SolutionGuid = {4B905A28-DB0A-4494-9A83-E242CD3D3284}
	EndGlobalSection
EndGlobal
